<?xml version="1.0" encoding="utf-8"?>
<Project ToolsVersion="4.0" xmlns="http://schemas.microsoft.com/developer/msbuild/2003">
  <ItemGroup>
    <Filter Include="소스 파일">
      <UniqueIdentifier>{4FC737F1-C7A5-4376-A066-2A32D752A2FF}</UniqueIdentifier>
      <Extensions>cpp;c;cc;cxx;c++;cppm;ixx;def;odl;idl;hpj;bat;asm;asmx</Extensions>
    </Filter>
    <Filter Include="헤더 파일">
      <UniqueIdentifier>{93995380-89BD-4b04-88EB-625FBE52EBFB}</UniqueIdentifier>
      <Extensions>h;hh;hpp;hxx;h++;hm;inl;inc;ipp;xsd</Extensions>
    </Filter>
    <Filter Include="리소스 파일">
      <UniqueIdentifier>{67DA6AB6-F800-4c08-8B7A-83BB121AAD01}</UniqueIdentifier>
      <Extensions>rc;ico;cur;bmp;dlg;rc2;rct;bin;rgs;gif;jpg;jpeg;jpe;resx;tiff;tif;png;wav;mfcribbon-ms</Extensions>
    </Filter>
    <Filter Include="GameManager">
      <UniqueIdentifier>{A1B2C3D4-0001-0000-0000-000000000001}</UniqueIdentifier>
    </Filter>
    <Filter Include="Player">
      <UniqueIdentifier>{A1B2C3D4-0001-0000-0000-000000000002}</UniqueIdentifier>
    </Filter>
    <Filter Include="Monster">
      <UniqueIdentifier>{A1B2C3D4-0001-0000-0000-000000000003}</UniqueIdentifier>
    </Filter>
    <Filter Include="Item">
      <UniqueIdentifier>{A1B2C3D4-0001-0000-0000-000000000004}</UniqueIdentifier>
    </Filter>
    <Filter Include="Battle">
      <UniqueIdentifier>{A1B2C3D4-0001-0000-0000-000000000005}</UniqueIdentifier>
    </Filter>
    <Filter Include="Map">
      <UniqueIdentifier>{A1B2C3D4-0001-0000-0000-000000000006}</UniqueIdentifier>
    </Filter>
    <Filter Include="Render">
      <UniqueIdentifier>{A1B2C3D4-0001-0000-0000-000000000007}</UniqueIdentifier>
    </Filter>
  </ItemGroup>
  <ItemGroup>
    <ClCompile Include="TeamProject.cpp">
      <Filter>소스 파일</Filter>
    </ClCompile>
    <ClCompile Include="Map\Map.cpp">
      <Filter>Map</Filter>
    </ClCompile>
    <ClCompile Include="GameManager\GameManager.cpp">
      <Filter>GameManager</Filter>
    </ClCompile>
    <ClCompile Include="Battle\Battle.cpp">
      <Filter>Battle</Filter>
    </ClCompile>
    <ClCompile Include="Item\Item.cpp">
      <Filter>Item</Filter>
    </ClCompile>
    <ClCompile Include="Player\Player.cpp">
      <Filter>Player</Filter>
    </ClCompile>
    <ClCompile Include="Monster\Monster.cpp">
      <Filter>Monster</Filter>
    </ClCompile>
    <ClCompile Include="Render\Render.cpp">
      <Filter>Render</Filter>
    </ClCompile>
    <ClCompile Include="GameManager\InputManager.cpp">
      <Filter>GameManager</Filter>
    </ClCompile>
    <ClCompile Include="Item\Inventory.cpp">
      <Filter>소스 파일</Filter>
    </ClCompile>
    <ClCompile Include="Player\Warrior.cpp">
      <Filter>소스 파일</Filter>
    </ClCompile>
    <ClCompile Include="Monster\Goblin.cpp">
      <Filter>소스 파일</Filter>
    </ClCompile>
    <ClCompile Include="Monster\Golem.cpp">
      <Filter>소스 파일</Filter>
    </ClCompile>
    <ClCompile Include="Monster\Mimic.cpp">
      <Filter>소스 파일</Filter>
    </ClCompile>
    <ClCompile Include="Monster\Orc.cpp">
      <Filter>소스 파일</Filter>
    </ClCompile>
    <ClCompile Include="SpawnManager\SpawnManager.cpp">
      <Filter>소스 파일</Filter>
    </ClCompile>
    <ClCompile Include="BspManager\BspManager.cpp">
      <Filter>소스 파일</Filter>
    </ClCompile>
  </ItemGroup>
  <ItemGroup>
    <ClInclude Include="Map\Map.h">
      <Filter>Map</Filter>
    </ClInclude>
    <ClInclude Include="GameManager\GameManager.h">
      <Filter>GameManager</Filter>
    </ClInclude>
    <ClInclude Include="Battle\Battle.h">
      <Filter>Battle</Filter>
    </ClInclude>
    <ClInclude Include="Item\Item.h">
      <Filter>Item</Filter>
    </ClInclude>
    <ClInclude Include="Player\Player.h">
      <Filter>Player</Filter>
    </ClInclude>
    <ClInclude Include="Monster\Monster.h">
      <Filter>Monster</Filter>
    </ClInclude>
    <ClInclude Include="Render\Render.h">
      <Filter>Render</Filter>
    </ClInclude>
    <ClInclude Include="GameManager\InputManager.h">
      <Filter>GameManager</Filter>
    </ClInclude>
    <ClInclude Include="Item\Inventory.h">
      <Filter>헤더 파일</Filter>
    </ClInclude>
    <ClInclude Include="Player\Warrior.h">
      <Filter>헤더 파일</Filter>
    </ClInclude>
    <ClInclude Include="Monster\Goblin.h">
      <Filter>헤더 파일</Filter>
    </ClInclude>
    <ClInclude Include="Monster\Golem.h">
      <Filter>헤더 파일</Filter>
    </ClInclude>
    <ClInclude Include="Monster\Mimic.h">
      <Filter>헤더 파일</Filter>
    </ClInclude>
    <ClInclude Include="Monster\Orc.h">
      <Filter>헤더 파일</Filter>
    </ClInclude>
    <ClInclude Include="SpawnManager\SpawnManager.h">
      <Filter>헤더 파일</Filter>
    </ClInclude>
    <ClInclude Include="BspManager\BspManager.h">
      <Filter>헤더 파일</Filter>
    </ClInclude>
    <ClInclude Include="Render\UILayout.h">
      <Filter>헤더 파일</Filter>
    </ClInclude>
  </ItemGroup>
  <ItemGroup>
    <None Include="ClassDiagram.cd" />
  </ItemGroup>
</Project>